
Microsoft Visual Studio Solution File, Format Version 12.00
# Visual Studio Version 17
VisualStudioVersion = 17.0.32014.148
MinimumVisualStudioVersion = 10.0.40219.1
Project("{FAE04EC0-301F-11D3-BF4B-00C04F79EFBC}") = "DateRange", "DateRange\DateRange.csproj", "{C60D7FE6-81A1-493B-B8E0-20887C768C77}"
EndProject
Project("{FAE04EC0-301F-11D3-BF4B-00C04F79EFBC}") = "DateRange.Tests", "DateRange.Tests\DateRange.Tests.csproj", "{EF19B0EC-1330-406C-8170-85591058B742}"
EndProject
Global
	GlobalSection(SolutionConfigurationPlatforms) = preSolution
		Debug|Any CPU = Debug|Any CPU
		Release|Any CPU = Release|Any CPU
	EndGlobalSection
	GlobalSection(ProjectConfigurationPlatforms) = postSolution
		{C60D7FE6-81A1-493B-B8E0-20887C768C77}.Debug|Any CPU.ActiveCfg = Debug|Any CPU
		{C60D7FE6-81A1-493B-B8E0-20887C768C77}.Debug|Any CPU.Build.0 = Debug|Any CPU
		{C60D7FE6-81A1-493B-B8E0-20887C768C77}.Release|Any CPU.ActiveCfg = Release|Any CPU
		{C60D7FE6-81A1-493B-B8E0-20887C768C77}.Release|Any CPU.Build.0 = Release|Any CPU
		{EF19B0EC-1330-406C-8170-85591058B742}.Debug|Any CPU.ActiveCfg = Debug|Any CPU
		{EF19B0EC-1330-406C-8170-85591058B742}.Debug|Any CPU.Build.0 = Debug|Any CPU
		{EF19B0EC-1330-406C-8170-85591058B742}.Release|Any CPU.ActiveCfg = Release|Any CPU
		{EF19B0EC-1330-406C-8170-85591058B742}.Release|Any CPU.Build.0 = Release|Any CPU
	EndGlobalSection
	GlobalSection(SolutionProperties) = preSolution
		HideSolutionNode = FALSE
	EndGlobalSection
	GlobalSection(ExtensibilityGlobals) = postSolution
		SolutionGuid = {5E03809D-EC55-466E-BC30-15366293D49F}
	EndGlobalSection
EndGlobal
